// !$*UTF8*$!
{
	archiveVersion = 1;
	classes = {
	};
	objectVersion = 55;
	objects = {

/* Begin PBXBuildFile section */
		F4846B25272C079200294FBB /* Movie.swift in Sources */ = {isa = PBXBuildFile; fileRef = F4846B24272C079200294FBB /* Movie.swift */; };
		F4846B28272C081A00294FBB /* MovieServices.swift in Sources */ = {isa = PBXBuildFile; fileRef = F4846B27272C081A00294FBB /* MovieServices.swift */; };
		F4846B2A272C08C000294FBB /* MovieStore.swift in Sources */ = {isa = PBXBuildFile; fileRef = F4846B29272C08C000294FBB /* MovieStore.swift */; };
		F4846B2C272C097500294FBB /* Utils.swift in Sources */ = {isa = PBXBuildFile; fileRef = F4846B2B272C097500294FBB /* Utils.swift */; };
		F4846B2E272C0B5D00294FBB /* Movie+Stub.swift in Sources */ = {isa = PBXBuildFile; fileRef = F4846B2D272C0B5D00294FBB /* Movie+Stub.swift */; };
		F4846B33272C0D9400294FBB /* movie_list.json in Resources */ = {isa = PBXBuildFile; fileRef = F4846B30272C0D9400294FBB /* movie_list.json */; };
		F4846B34272C0D9400294FBB /* search_movie.json in Resources */ = {isa = PBXBuildFile; fileRef = F4846B31272C0D9400294FBB /* search_movie.json */; };
		F4846B35272C0D9400294FBB /* movie_info.json in Resources */ = {isa = PBXBuildFile; fileRef = F4846B32272C0D9400294FBB /* movie_info.json */; };
		F4846B3A272C0EC500294FBB /* MovieBackdropCard.swift in Sources */ = {isa = PBXBuildFile; fileRef = F4846B39272C0EC500294FBB /* MovieBackdropCard.swift */; };
		F4846B3D272C0F2500294FBB /* ImageLoader.swift in Sources */ = {isa = PBXBuildFile; fileRef = F4846B3C272C0F2500294FBB /* ImageLoader.swift */; };
		F4846B3F272C109600294FBB /* MovieBackdropCarouselView.swift in Sources */ = {isa = PBXBuildFile; fileRef = F4846B3E272C109600294FBB /* MovieBackdropCarouselView.swift */; };
		F4846B41272C116F00294FBB /* MoviePosterCard.swift in Sources */ = {isa = PBXBuildFile; fileRef = F4846B40272C116F00294FBB /* MoviePosterCard.swift */; };
		F4846B43272C142A00294FBB /* MoviePosterCarouselView.swift in Sources */ = {isa = PBXBuildFile; fileRef = F4846B42272C142A00294FBB /* MoviePosterCarouselView.swift */; };
		F4846B45272C149800294FBB /* MovieListView.swift in Sources */ = {isa = PBXBuildFile; fileRef = F4846B44272C149800294FBB /* MovieListView.swift */; };
		F4846B47272C14E400294FBB /* MovieListState.swift in Sources */ = {isa = PBXBuildFile; fileRef = F4846B46272C14E400294FBB /* MovieListState.swift */; };
		F4846B4A272C15B700294FBB /* ActivityIndicatorView.swift in Sources */ = {isa = PBXBuildFile; fileRef = F4846B49272C15B700294FBB /* ActivityIndicatorView.swift */; };
		F4846B4C272C17CC00294FBB /* LoadingView.swift in Sources */ = {isa = PBXBuildFile; fileRef = F4846B4B272C17CC00294FBB /* LoadingView.swift */; };
		F4846B4E272C18BB00294FBB /* AppDelegate.swift in Sources */ = {isa = PBXBuildFile; fileRef = F4846B4D272C18BB00294FBB /* AppDelegate.swift */; };
		F4846B50272C195A00294FBB /* ContentView.swift in Sources */ = {isa = PBXBuildFile; fileRef = F4846B4F272C195A00294FBB /* ContentView.swift */; };
		F4846B52272C19C900294FBB /* MovieDetailView.swift in Sources */ = {isa = PBXBuildFile; fileRef = F4846B51272C19C900294FBB /* MovieDetailView.swift */; };
		F4846B54272C1A3800294FBB /* MovieDetailState.swift in Sources */ = {isa = PBXBuildFile; fileRef = F4846B53272C1A3800294FBB /* MovieDetailState.swift */; };
		F4846B56272C24AC00294FBB /* SafariView.swift in Sources */ = {isa = PBXBuildFile; fileRef = F4846B55272C24AC00294FBB /* SafariView.swift */; };
		F4846B58272C257600294FBB /* MovieSourchView.swift in Sources */ = {isa = PBXBuildFile; fileRef = F4846B57272C257600294FBB /* MovieSourchView.swift */; };
		F4846B5A272C25BD00294FBB /* SearchBar.swift in Sources */ = {isa = PBXBuildFile; fileRef = F4846B59272C25BD00294FBB /* SearchBar.swift */; };
		F4846B5C272C268300294FBB /* MovieSearchState.swift in Sources */ = {isa = PBXBuildFile; fileRef = F4846B5B272C268300294FBB /* MovieSearchState.swift */; };
		F4DA9B93272B986E0099CCB1 /* SM2YApp.swift in Sources */ = {isa = PBXBuildFile; fileRef = F4DA9B83272B986C0099CCB1 /* SM2YApp.swift */; };
		F4DA9B97272B986E0099CCB1 /* Assets.xcassets in Resources */ = {isa = PBXBuildFile; fileRef = F4DA9B85272B986E0099CCB1 /* Assets.xcassets */; };
		F4DA9B98272B986E0099CCB1 /* Assets.xcassets in Resources */ = {isa = PBXBuildFile; fileRef = F4DA9B85272B986E0099CCB1 /* Assets.xcassets */; };
/* End PBXBuildFile section */

/* Begin PBXFileReference section */
		F4846B24272C079200294FBB /* Movie.swift */ = {isa = PBXFileReference; lastKnownFileType = sourcecode.swift; path = Movie.swift; sourceTree = "<group>"; };
		F4846B27272C081A00294FBB /* MovieServices.swift */ = {isa = PBXFileReference; lastKnownFileType = sourcecode.swift; path = MovieServices.swift; sourceTree = "<group>"; };
		F4846B29272C08C000294FBB /* MovieStore.swift */ = {isa = PBXFileReference; lastKnownFileType = sourcecode.swift; path = MovieStore.swift; sourceTree = "<group>"; };
		F4846B2B272C097500294FBB /* Utils.swift */ = {isa = PBXFileReference; lastKnownFileType = sourcecode.swift; path = Utils.swift; sourceTree = "<group>"; };
		F4846B2D272C0B5D00294FBB /* Movie+Stub.swift */ = {isa = PBXFileReference; lastKnownFileType = sourcecode.swift; path = "Movie+Stub.swift"; sourceTree = "<group>"; };
		F4846B30272C0D9400294FBB /* movie_list.json */ = {isa = PBXFileReference; fileEncoding = 4; lastKnownFileType = text.json; path = movie_list.json; sourceTree = "<group>"; };
		F4846B31272C0D9400294FBB /* search_movie.json */ = {isa = PBXFileReference; fileEncoding = 4; lastKnownFileType = text.json; path = search_movie.json; sourceTree = "<group>"; };
		F4846B32272C0D9400294FBB /* movie_info.json */ = {isa = PBXFileReference; fileEncoding = 4; lastKnownFileType = text.json; path = movie_info.json; sourceTree = "<group>"; };
		F4846B39272C0EC500294FBB /* MovieBackdropCard.swift */ = {isa = PBXFileReference; lastKnownFileType = sourcecode.swift; path = MovieBackdropCard.swift; sourceTree = "<group>"; };
		F4846B3C272C0F2500294FBB /* ImageLoader.swift */ = {isa = PBXFileReference; lastKnownFileType = sourcecode.swift; path = ImageLoader.swift; sourceTree = "<group>"; };
		F4846B3E272C109600294FBB /* MovieBackdropCarouselView.swift */ = {isa = PBXFileReference; lastKnownFileType = sourcecode.swift; path = MovieBackdropCarouselView.swift; sourceTree = "<group>"; };
		F4846B40272C116F00294FBB /* MoviePosterCard.swift */ = {isa = PBXFileReference; lastKnownFileType = sourcecode.swift; path = MoviePosterCard.swift; sourceTree = "<group>"; };
		F4846B42272C142A00294FBB /* MoviePosterCarouselView.swift */ = {isa = PBXFileReference; lastKnownFileType = sourcecode.swift; path = MoviePosterCarouselView.swift; sourceTree = "<group>"; };
		F4846B44272C149800294FBB /* MovieListView.swift */ = {isa = PBXFileReference; lastKnownFileType = sourcecode.swift; path = MovieListView.swift; sourceTree = "<group>"; };
		F4846B46272C14E400294FBB /* MovieListState.swift */ = {isa = PBXFileReference; lastKnownFileType = sourcecode.swift; path = MovieListState.swift; sourceTree = "<group>"; };
		F4846B49272C15B700294FBB /* ActivityIndicatorView.swift */ = {isa = PBXFileReference; lastKnownFileType = sourcecode.swift; path = ActivityIndicatorView.swift; sourceTree = "<group>"; };
		F4846B4B272C17CC00294FBB /* LoadingView.swift */ = {isa = PBXFileReference; lastKnownFileType = sourcecode.swift; path = LoadingView.swift; sourceTree = "<group>"; };
		F4846B4D272C18BB00294FBB /* AppDelegate.swift */ = {isa = PBXFileReference; lastKnownFileType = sourcecode.swift; path = AppDelegate.swift; sourceTree = "<group>"; };
		F4846B4F272C195A00294FBB /* ContentView.swift */ = {isa = PBXFileReference; lastKnownFileType = sourcecode.swift; path = ContentView.swift; sourceTree = "<group>"; };
		F4846B51272C19C900294FBB /* MovieDetailView.swift */ = {isa = PBXFileReference; lastKnownFileType = sourcecode.swift; path = MovieDetailView.swift; sourceTree = "<group>"; };
		F4846B53272C1A3800294FBB /* MovieDetailState.swift */ = {isa = PBXFileReference; lastKnownFileType = sourcecode.swift; path = MovieDetailState.swift; sourceTree = "<group>"; };
		F4846B55272C24AC00294FBB /* SafariView.swift */ = {isa = PBXFileReference; lastKnownFileType = sourcecode.swift; path = SafariView.swift; sourceTree = "<group>"; };
		F4846B57272C257600294FBB /* MovieSourchView.swift */ = {isa = PBXFileReference; lastKnownFileType = sourcecode.swift; path = MovieSourchView.swift; sourceTree = "<group>"; };
		F4846B59272C25BD00294FBB /* SearchBar.swift */ = {isa = PBXFileReference; lastKnownFileType = sourcecode.swift; path = SearchBar.swift; sourceTree = "<group>"; };
		F4846B5B272C268300294FBB /* MovieSearchState.swift */ = {isa = PBXFileReference; lastKnownFileType = sourcecode.swift; path = MovieSearchState.swift; sourceTree = "<group>"; };
		F4DA9B83272B986C0099CCB1 /* SM2YApp.swift */ = {isa = PBXFileReference; lastKnownFileType = sourcecode.swift; path = SM2YApp.swift; sourceTree = "<group>"; };
		F4DA9B85272B986E0099CCB1 /* Assets.xcassets */ = {isa = PBXFileReference; lastKnownFileType = folder.assetcatalog; path = Assets.xcassets; sourceTree = "<group>"; };
		F4DA9B8A272B986E0099CCB1 /* SM2Y.app */ = {isa = PBXFileReference; explicitFileType = wrapper.application; includeInIndex = 0; path = SM2Y.app; sourceTree = BUILT_PRODUCTS_DIR; };
		F4DA9B90272B986E0099CCB1 /* SM2Y.app */ = {isa = PBXFileReference; explicitFileType = wrapper.application; includeInIndex = 0; path = SM2Y.app; sourceTree = BUILT_PRODUCTS_DIR; };
		F4DA9B92272B986E0099CCB1 /* macOS.entitlements */ = {isa = PBXFileReference; lastKnownFileType = text.plist.entitlements; path = macOS.entitlements; sourceTree = "<group>"; };
/* End PBXFileReference section */

/* Begin PBXFrameworksBuildPhase section */
		F4DA9B87272B986E0099CCB1 /* Frameworks */ = {
			isa = PBXFrameworksBuildPhase;
			buildActionMask = 2147483647;
			files = (
			);
			runOnlyForDeploymentPostprocessing = 0;
		};
		F4DA9B8D272B986E0099CCB1 /* Frameworks */ = {
			isa = PBXFrameworksBuildPhase;
			buildActionMask = 2147483647;
			files = (
			);
			runOnlyForDeploymentPostprocessing = 0;
		};
/* End PBXFrameworksBuildPhase section */

/* Begin PBXGroup section */
		F4846B23272C077200294FBB /* Models */ = {
			isa = PBXGroup;
			children = (
				F4846B24272C079200294FBB /* Movie.swift */,
				F4846B2D272C0B5D00294FBB /* Movie+Stub.swift */,
			);
			path = Models;
			sourceTree = "<group>";
		};
		F4846B26272C080500294FBB /* Services */ = {
			isa = PBXGroup;
			children = (
				F4846B27272C081A00294FBB /* MovieServices.swift */,
				F4846B29272C08C000294FBB /* MovieStore.swift */,
			);
			path = Services;
			sourceTree = "<group>";
		};
		F4846B2F272C0BED00294FBB /* Resources */ = {
			isa = PBXGroup;
			children = (
				F4846B32272C0D9400294FBB /* movie_info.json */,
				F4846B30272C0D9400294FBB /* movie_list.json */,
				F4846B31272C0D9400294FBB /* search_movie.json */,
			);
			path = Resources;
			sourceTree = "<group>";
		};
		F4846B38272C0E9B00294FBB /* Views */ = {
			isa = PBXGroup;
			children = (
				F4846B48272C154A00294FBB /* UIKitView */,
				F4846B39272C0EC500294FBB /* MovieBackdropCard.swift */,
				F4846B3E272C109600294FBB /* MovieBackdropCarouselView.swift */,
				F4846B40272C116F00294FBB /* MoviePosterCard.swift */,
				F4846B42272C142A00294FBB /* MoviePosterCarouselView.swift */,
				F4846B44272C149800294FBB /* MovieListView.swift */,
				F4846B4B272C17CC00294FBB /* LoadingView.swift */,
				F4846B51272C19C900294FBB /* MovieDetailView.swift */,
				F4846B57272C257600294FBB /* MovieSourchView.swift */,
			);
			path = Views;
			sourceTree = "<group>";
		};
		F4846B3B272C0F0600294FBB /* Bindings */ = {
			isa = PBXGroup;
			children = (
				F4846B3C272C0F2500294FBB /* ImageLoader.swift */,
				F4846B53272C1A3800294FBB /* MovieDetailState.swift */,
				F4846B46272C14E400294FBB /* MovieListState.swift */,
				F4846B5B272C268300294FBB /* MovieSearchState.swift */,
			);
			path = Bindings;
			sourceTree = "<group>";
		};
		F4846B48272C154A00294FBB /* UIKitView */ = {
			isa = PBXGroup;
			children = (
				F4846B49272C15B700294FBB /* ActivityIndicatorView.swift */,
				F4846B55272C24AC00294FBB /* SafariView.swift */,
				F4846B59272C25BD00294FBB /* SearchBar.swift */,
			);
			path = UIKitView;
			sourceTree = "<group>";
		};
		F4DA9B7D272B986C0099CCB1 = {
			isa = PBXGroup;
			children = (
				F4DA9B82272B986C0099CCB1 /* Shared */,
				F4DA9B91272B986E0099CCB1 /* macOS */,
				F4DA9B8B272B986E0099CCB1 /* Products */,
			);
			sourceTree = "<group>";
		};
		F4DA9B82272B986C0099CCB1 /* Shared */ = {
			isa = PBXGroup;
			children = (
				F4DA9B83272B986C0099CCB1 /* SM2YApp.swift */,
				F4846B2B272C097500294FBB /* Utils.swift */,
				F4846B3B272C0F0600294FBB /* Bindings */,
				F4846B38272C0E9B00294FBB /* Views */,
				F4846B2F272C0BED00294FBB /* Resources */,
				F4846B26272C080500294FBB /* Services */,
				F4846B23272C077200294FBB /* Models */,
				F4DA9B85272B986E0099CCB1 /* Assets.xcassets */,
				F4846B4D272C18BB00294FBB /* AppDelegate.swift */,
				F4846B4F272C195A00294FBB /* ContentView.swift */,
			);
			path = Shared;
			sourceTree = "<group>";
		};
		F4DA9B8B272B986E0099CCB1 /* Products */ = {
			isa = PBXGroup;
			children = (
				F4DA9B8A272B986E0099CCB1 /* SM2Y.app */,
				F4DA9B90272B986E0099CCB1 /* SM2Y.app */,
			);
			name = Products;
			sourceTree = "<group>";
		};
		F4DA9B91272B986E0099CCB1 /* macOS */ = {
			isa = PBXGroup;
			children = (
				F4DA9B92272B986E0099CCB1 /* macOS.entitlements */,
			);
			path = macOS;
			sourceTree = "<group>";
		};
/* End PBXGroup section */

/* Begin PBXNativeTarget section */
		F4DA9B89272B986E0099CCB1 /* SM2Y (iOS) */ = {
			isa = PBXNativeTarget;
			buildConfigurationList = F4DA9B9B272B986E0099CCB1 /* Build configuration list for PBXNativeTarget "SM2Y (iOS)" */;
			buildPhases = (
				F4DA9B86272B986E0099CCB1 /* Sources */,
				F4DA9B87272B986E0099CCB1 /* Frameworks */,
				F4DA9B88272B986E0099CCB1 /* Resources */,
			);
			buildRules = (
			);
			dependencies = (
			);
			name = "SM2Y (iOS)";
			productName = "SM2Y (iOS)";
			productReference = F4DA9B8A272B986E0099CCB1 /* SM2Y.app */;
			productType = "com.apple.product-type.application";
		};
		F4DA9B8F272B986E0099CCB1 /* SM2Y (macOS) */ = {
			isa = PBXNativeTarget;
			buildConfigurationList = F4DA9B9E272B986E0099CCB1 /* Build configuration list for PBXNativeTarget "SM2Y (macOS)" */;
			buildPhases = (
				F4DA9B8C272B986E0099CCB1 /* Sources */,
				F4DA9B8D272B986E0099CCB1 /* Frameworks */,
				F4DA9B8E272B986E0099CCB1 /* Resources */,
			);
			buildRules = (
			);
			dependencies = (
			);
			name = "SM2Y (macOS)";
			productName = "SM2Y (macOS)";
			productReference = F4DA9B90272B986E0099CCB1 /* SM2Y.app */;
			productType = "com.apple.product-type.application";
		};
/* End PBXNativeTarget section */

/* Begin PBXProject section */
		F4DA9B7E272B986C0099CCB1 /* Project object */ = {
			isa = PBXProject;
			attributes = {
				BuildIndependentTargetsInParallel = 1;
				LastSwiftUpdateCheck = 1300;
				LastUpgradeCheck = 1300;
				TargetAttributes = {
					F4DA9B89272B986E0099CCB1 = {
						CreatedOnToolsVersion = 13.0;
					};
					F4DA9B8F272B986E0099CCB1 = {
						CreatedOnToolsVersion = 13.0;
					};
				};
			};
			buildConfigurationList = F4DA9B81272B986C0099CCB1 /* Build configuration list for PBXProject "SM2Y" */;
			compatibilityVersion = "Xcode 13.0";
			developmentRegion = en;
			hasScannedForEncodings = 0;
			knownRegions = (
				en,
				Base,
			);
			mainGroup = F4DA9B7D272B986C0099CCB1;
			productRefGroup = F4DA9B8B272B986E0099CCB1 /* Products */;
			projectDirPath = "";
			projectRoot = "";
			targets = (
				F4DA9B89272B986E0099CCB1 /* SM2Y (iOS) */,
				F4DA9B8F272B986E0099CCB1 /* SM2Y (macOS) */,
			);
		};
/* End PBXProject section */

/* Begin PBXResourcesBuildPhase section */
		F4DA9B88272B986E0099CCB1 /* Resources */ = {
			isa = PBXResourcesBuildPhase;
			buildActionMask = 2147483647;
			files = (
				F4846B34272C0D9400294FBB /* search_movie.json in Resources */,
				F4846B33272C0D9400294FBB /* movie_list.json in Resources */,
				F4846B35272C0D9400294FBB /* movie_info.json in Resources */,
				F4DA9B97272B986E0099CCB1 /* Assets.xcassets in Resources */,
			);
			runOnlyForDeploymentPostprocessing = 0;
		};
		F4DA9B8E272B986E0099CCB1 /* Resources */ = {
			isa = PBXResourcesBuildPhase;
			buildActionMask = 2147483647;
			files = (
				F4DA9B98272B986E0099CCB1 /* Assets.xcassets in Resources */,
			);
			runOnlyForDeploymentPostprocessing = 0;
		};
/* End PBXResourcesBuildPhase section */

/* Begin PBXSourcesBuildPhase section */
		F4DA9B86272B986E0099CCB1 /* Sources */ = {
			isa = PBXSourcesBuildPhase;
			buildActionMask = 2147483647;
			files = (
				F4DA9B93272B986E0099CCB1 /* SM2YApp.swift in Sources */,
				F4846B54272C1A3800294FBB /* MovieDetailState.swift in Sources */,
				F4846B28272C081A00294FBB /* MovieServices.swift in Sources */,
				F4846B58272C257600294FBB /* MovieSourchView.swift in Sources */,
				F4846B3A272C0EC500294FBB /* MovieBackdropCard.swift in Sources */,
				F4846B56272C24AC00294FBB /* SafariView.swift in Sources */,
				F4846B41272C116F00294FBB /* MoviePosterCard.swift in Sources */,
				F4846B4C272C17CC00294FBB /* LoadingView.swift in Sources */,
				F4846B2E272C0B5D00294FBB /* Movie+Stub.swift in Sources */,
				F4846B5A272C25BD00294FBB /* SearchBar.swift in Sources */,
				F4846B4A272C15B700294FBB /* ActivityIndicatorView.swift in Sources */,
				F4846B50272C195A00294FBB /* ContentView.swift in Sources */,
				F4846B47272C14E400294FBB /* MovieListState.swift in Sources */,
				F4846B43272C142A00294FBB /* MoviePosterCarouselView.swift in Sources */,
				F4846B5C272C268300294FBB /* MovieSearchState.swift in Sources */,
				F4846B3D272C0F2500294FBB /* ImageLoader.swift in Sources */,
				F4846B25272C079200294FBB /* Movie.swift in Sources */,
				F4846B52272C19C900294FBB /* MovieDetailView.swift in Sources */,
				F4846B3F272C109600294FBB /* MovieBackdropCarouselView.swift in Sources */,
				F4846B45272C149800294FBB /* MovieListView.swift in Sources */,
				F4846B2A272C08C000294FBB /* MovieStore.swift in Sources */,
				F4846B4E272C18BB00294FBB /* AppDelegate.swift in Sources */,
				F4846B2C272C097500294FBB /* Utils.swift in Sources */,
			);
			runOnlyForDeploymentPostprocessing = 0;
		};
		F4DA9B8C272B986E0099CCB1 /* Sources */ = {
			isa = PBXSourcesBuildPhase;
			buildActionMask = 2147483647;
			files = (
			);
			runOnlyForDeploymentPostprocessing = 0;
		};
/* End PBXSourcesBuildPhase section */

/* Begin XCBuildConfiguration section */
		F4DA9B99272B986E0099CCB1 /* Debug */ = {
			isa = XCBuildConfiguration;
			buildSettings = {
				ALWAYS_SEARCH_USER_PATHS = NO;
				CLANG_ANALYZER_NONNULL = YES;
				CLANG_ANALYZER_NUMBER_OBJECT_CONVERSION = YES_AGGRESSIVE;
				CLANG_CXX_LANGUAGE_STANDARD = "gnu++17";
				CLANG_CXX_LIBRARY = "libc++";
				CLANG_ENABLE_MODULES = YES;
				CLANG_ENABLE_OBJC_ARC = YES;
				CLANG_ENABLE_OBJC_WEAK = YES;
				CLANG_WARN_BLOCK_CAPTURE_AUTORELEASING = YES;
				CLANG_WARN_BOOL_CONVERSION = YES;
				CLANG_WARN_COMMA = YES;
				CLANG_WARN_CONSTANT_CONVERSION = YES;
				CLANG_WARN_DEPRECATED_OBJC_IMPLEMENTATIONS = YES;
				CLANG_WARN_DIRECT_OBJC_ISA_USAGE = YES_ERROR;
				CLANG_WARN_DOCUMENTATION_COMMENTS = YES;
				CLANG_WARN_EMPTY_BODY = YES;
				CLANG_WARN_ENUM_CONVERSION = YES;
				CLANG_WARN_INFINITE_RECURSION = YES;
				CLANG_WARN_INT_CONVERSION = YES;
				CLANG_WARN_NON_LITERAL_NULL_CONVERSION = YES;
				CLANG_WARN_OBJC_IMPLICIT_RETAIN_SELF = YES;
				CLANG_WARN_OBJC_LITERAL_CONVERSION = YES;
				CLANG_WARN_OBJC_ROOT_CLASS = YES_ERROR;
				CLANG_WARN_QUOTED_INCLUDE_IN_FRAMEWORK_HEADER = YES;
				CLANG_WARN_RANGE_LOOP_ANALYSIS = YES;
				CLANG_WARN_STRICT_PROTOTYPES = YES;
				CLANG_WARN_SUSPICIOUS_MOVE = YES;
				CLANG_WARN_UNGUARDED_AVAILABILITY = YES_AGGRESSIVE;
				CLANG_WARN_UNREACHABLE_CODE = YES;
				CLANG_WARN__DUPLICATE_METHOD_MATCH = YES;
				COPY_PHASE_STRIP = NO;
				DEBUG_INFORMATION_FORMAT = dwarf;
				ENABLE_STRICT_OBJC_MSGSEND = YES;
				ENABLE_TESTABILITY = YES;
				GCC_C_LANGUAGE_STANDARD = gnu11;
				GCC_DYNAMIC_NO_PIC = NO;
				GCC_NO_COMMON_BLOCKS = YES;
				GCC_OPTIMIZATION_LEVEL = 0;
				GCC_PREPROCESSOR_DEFINITIONS = (
					"DEBUG=1",
					"$(inherited)",
				);
				GCC_WARN_64_TO_32_BIT_CONVERSION = YES;
				GCC_WARN_ABOUT_RETURN_TYPE = YES_ERROR;
				GCC_WARN_UNDECLARED_SELECTOR = YES;
				GCC_WARN_UNINITIALIZED_AUTOS = YES_AGGRESSIVE;
				GCC_WARN_UNUSED_FUNCTION = YES;
				GCC_WARN_UNUSED_VARIABLE = YES;
				MTL_ENABLE_DEBUG_INFO = INCLUDE_SOURCE;
				MTL_FAST_MATH = YES;
				ONLY_ACTIVE_ARCH = YES;
				SWIFT_ACTIVE_COMPILATION_CONDITIONS = DEBUG;
				SWIFT_OPTIMIZATION_LEVEL = "-Onone";
			};
			name = Debug;
		};
		F4DA9B9A272B986E0099CCB1 /* Release */ = {
			isa = XCBuildConfiguration;
			buildSettings = {
				ALWAYS_SEARCH_USER_PATHS = NO;
				CLANG_ANALYZER_NONNULL = YES;
				CLANG_ANALYZER_NUMBER_OBJECT_CONVERSION = YES_AGGRESSIVE;
				CLANG_CXX_LANGUAGE_STANDARD = "gnu++17";
				CLANG_CXX_LIBRARY = "libc++";
				CLANG_ENABLE_MODULES = YES;
				CLANG_ENABLE_OBJC_ARC = YES;
				CLANG_ENABLE_OBJC_WEAK = YES;
				CLANG_WARN_BLOCK_CAPTURE_AUTORELEASING = YES;
				CLANG_WARN_BOOL_CONVERSION = YES;
				CLANG_WARN_COMMA = YES;
				CLANG_WARN_CONSTANT_CONVERSION = YES;
				CLANG_WARN_DEPRECATED_OBJC_IMPLEMENTATIONS = YES;
				CLANG_WARN_DIRECT_OBJC_ISA_USAGE = YES_ERROR;
				CLANG_WARN_DOCUMENTATION_COMMENTS = YES;
				CLANG_WARN_EMPTY_BODY = YES;
				CLANG_WARN_ENUM_CONVERSION = YES;
				CLANG_WARN_INFINITE_RECURSION = YES;
				CLANG_WARN_INT_CONVERSION = YES;
				CLANG_WARN_NON_LITERAL_NULL_CONVERSION = YES;
				CLANG_WARN_OBJC_IMPLICIT_RETAIN_SELF = YES;
				CLANG_WARN_OBJC_LITERAL_CONVERSION = YES;
				CLANG_WARN_OBJC_ROOT_CLASS = YES_ERROR;
				CLANG_WARN_QUOTED_INCLUDE_IN_FRAMEWORK_HEADER = YES;
				CLANG_WARN_RANGE_LOOP_ANALYSIS = YES;
				CLANG_WARN_STRICT_PROTOTYPES = YES;
				CLANG_WARN_SUSPICIOUS_MOVE = YES;
				CLANG_WARN_UNGUARDED_AVAILABILITY = YES_AGGRESSIVE;
				CLANG_WARN_UNREACHABLE_CODE = YES;
				CLANG_WARN__DUPLICATE_METHOD_MATCH = YES;
				COPY_PHASE_STRIP = NO;
				DEBUG_INFORMATION_FORMAT = "dwarf-with-dsym";
				ENABLE_NS_ASSERTIONS = NO;
				ENABLE_STRICT_OBJC_MSGSEND = YES;
				GCC_C_LANGUAGE_STANDARD = gnu11;
				GCC_NO_COMMON_BLOCKS = YES;
				GCC_WARN_64_TO_32_BIT_CONVERSION = YES;
				GCC_WARN_ABOUT_RETURN_TYPE = YES_ERROR;
				GCC_WARN_UNDECLARED_SELECTOR = YES;
				GCC_WARN_UNINITIALIZED_AUTOS = YES_AGGRESSIVE;
				GCC_WARN_UNUSED_FUNCTION = YES;
				GCC_WARN_UNUSED_VARIABLE = YES;
				MTL_ENABLE_DEBUG_INFO = NO;
				MTL_FAST_MATH = YES;
				SWIFT_COMPILATION_MODE = wholemodule;
				SWIFT_OPTIMIZATION_LEVEL = "-O";
			};
			name = Release;
		};
		F4DA9B9C272B986E0099CCB1 /* Debug */ = {
			isa = XCBuildConfiguration;
			buildSettings = {
				ASSETCATALOG_COMPILER_APPICON_NAME = AppIcon;
				ASSETCATALOG_COMPILER_GLOBAL_ACCENT_COLOR_NAME = AccentColor;
				CODE_SIGN_STYLE = Automatic;
				CURRENT_PROJECT_VERSION = 1;
				DEVELOPMENT_TEAM = PLV5U7588B;
				ENABLE_PREVIEWS = YES;
				GENERATE_INFOPLIST_FILE = YES;
				INFOPLIST_KEY_UIApplicationSceneManifest_Generation = YES;
				INFOPLIST_KEY_UIApplicationSupportsIndirectInputEvents = YES;
				INFOPLIST_KEY_UILaunchScreen_Generation = YES;
				INFOPLIST_KEY_UISupportedInterfaceOrientations_iPad = "UIInterfaceOrientationPortrait UIInterfaceOrientationPortraitUpsideDown UIInterfaceOrientationLandscapeLeft UIInterfaceOrientationLandscapeRight";
				INFOPLIST_KEY_UISupportedInterfaceOrientations_iPhone = "UIInterfaceOrientationPortrait UIInterfaceOrientationLandscapeLeft UIInterfaceOrientationLandscapeRight";
				IPHONEOS_DEPLOYMENT_TARGET = 14.0;
				LD_RUNPATH_SEARCH_PATHS = (
					"$(inherited)",
					"@executable_path/Frameworks",
				);
				MARKETING_VERSION = 1.0;
				PRODUCT_BUNDLE_IDENTIFIER = "Bruno-Cassiano.SM2Y";
				PRODUCT_NAME = SM2Y;
				SDKROOT = iphoneos;
				SWIFT_EMIT_LOC_STRINGS = YES;
				SWIFT_VERSION = 5.0;
				TARGETED_DEVICE_FAMILY = "1,2";
			};
			name = Debug;
		};
		F4DA9B9D272B986E0099CCB1 /* Release */ = {
			isa = XCBuildConfiguration;
			buildSettings = {
				ASSETCATALOG_COMPILER_APPICON_NAME = AppIcon;
				ASSETCATALOG_COMPILER_GLOBAL_ACCENT_COLOR_NAME = AccentColor;
				CODE_SIGN_STYLE = Automatic;
				CURRENT_PROJECT_VERSION = 1;
				DEVELOPMENT_TEAM = PLV5U7588B;
				ENABLE_PREVIEWS = YES;
				GENERATE_INFOPLIST_FILE = YES;
				INFOPLIST_KEY_UIApplicationSceneManifest_Generation = YES;
				INFOPLIST_KEY_UIApplicationSupportsIndirectInputEvents = YES;
				INFOPLIST_KEY_UILaunchScreen_Generation = YES;
				INFOPLIST_KEY_UISupportedInterfaceOrientations_iPad = "UIInterfaceOrientationPortrait UIInterfaceOrientationPortraitUpsideDown UIInterfaceOrientationLandscapeLeft UIInterfaceOrientationLandscapeRight";
				INFOPLIST_KEY_UISupportedInterfaceOrientations_iPhone = "UIInterfaceOrientationPortrait UIInterfaceOrientationLandscapeLeft UIInterfaceOrientationLandscapeRight";
				IPHONEOS_DEPLOYMENT_TARGET = 14.0;
				LD_RUNPATH_SEARCH_PATHS = (
					"$(inherited)",
					"@executable_path/Frameworks",
				);
				MARKETING_VERSION = 1.0;
				PRODUCT_BUNDLE_IDENTIFIER = "Bruno-Cassiano.SM2Y";
				PRODUCT_NAME = SM2Y;
				SDKROOT = iphoneos;
				SWIFT_EMIT_LOC_STRINGS = YES;
				SWIFT_VERSION = 5.0;
				TARGETED_DEVICE_FAMILY = "1,2";
				VALIDATE_PRODUCT = YES;
			};
			name = Release;
		};
		F4DA9B9F272B986E0099CCB1 /* Debug */ = {
			isa = XCBuildConfiguration;
			buildSettings = {
				ASSETCATALOG_COMPILER_APPICON_NAME = AppIcon;
				ASSETCATALOG_COMPILER_GLOBAL_ACCENT_COLOR_NAME = AccentColor;
				CODE_SIGN_ENTITLEMENTS = macOS/macOS.entitlements;
				CODE_SIGN_STYLE = Automatic;
				COMBINE_HIDPI_IMAGES = YES;
				CURRENT_PROJECT_VERSION = 1;
				DEVELOPMENT_TEAM = PLV5U7588B;
				ENABLE_HARDENED_RUNTIME = YES;
				ENABLE_PREVIEWS = YES;
				GENERATE_INFOPLIST_FILE = YES;
				INFOPLIST_KEY_NSHumanReadableCopyright = "";
				LD_RUNPATH_SEARCH_PATHS = (
					"$(inherited)",
					"@executable_path/../Frameworks",
				);
				MACOSX_DEPLOYMENT_TARGET = 11.0;
				MARKETING_VERSION = 1.0;
				PRODUCT_BUNDLE_IDENTIFIER = "Bruno-Cassiano.SM2Y";
				PRODUCT_NAME = SM2Y;
				SDKROOT = macosx;
				SWIFT_EMIT_LOC_STRINGS = YES;
				SWIFT_VERSION = 5.0;
			};
			name = Debug;
		};
		F4DA9BA0272B986E0099CCB1 /* Release */ = {
			isa = XCBuildConfiguration;
			buildSettings = {
				ASSETCATALOG_COMPILER_APPICON_NAME = AppIcon;
				ASSETCATALOG_COMPILER_GLOBAL_ACCENT_COLOR_NAME = AccentColor;
				CODE_SIGN_ENTITLEMENTS = macOS/macOS.entitlements;
				CODE_SIGN_STYLE = Automatic;
				COMBINE_HIDPI_IMAGES = YES;
				CURRENT_PROJECT_VERSION = 1;
				DEVELOPMENT_TEAM = PLV5U7588B;
				ENABLE_HARDENED_RUNTIME = YES;
				ENABLE_PREVIEWS = YES;
				GENERATE_INFOPLIST_FILE = YES;
				INFOPLIST_KEY_NSHumanReadableCopyright = "";
				LD_RUNPATH_SEARCH_PATHS = (
					"$(inherited)",
					"@executable_path/../Frameworks",
				);
				MACOSX_DEPLOYMENT_TARGET = 11.0;
				MARKETING_VERSION = 1.0;
				PRODUCT_BUNDLE_IDENTIFIER = "Bruno-Cassiano.SM2Y";
				PRODUCT_NAME = SM2Y;
				SDKROOT = macosx;
				SWIFT_EMIT_LOC_STRINGS = YES;
				SWIFT_VERSION = 5.0;
			};
			name = Release;
		};
/* End XCBuildConfiguration section */

/* Begin XCConfigurationList section */
		F4DA9B81272B986C0099CCB1 /* Build configuration list for PBXProject "SM2Y" */ = {
			isa = XCConfigurationList;
			buildConfigurations = (
				F4DA9B99272B986E0099CCB1 /* Debug */,
				F4DA9B9A272B986E0099CCB1 /* Release */,
			);
			defaultConfigurationIsVisible = 0;
			defaultConfigurationName = Release;
		};
		F4DA9B9B272B986E0099CCB1 /* Build configuration list for PBXNativeTarget "SM2Y (iOS)" */ = {
			isa = XCConfigurationList;
			buildConfigurations = (
				F4DA9B9C272B986E0099CCB1 /* Debug */,
				F4DA9B9D272B986E0099CCB1 /* Release */,
			);
			defaultConfigurationIsVisible = 0;
			defaultConfigurationName = Release;
		};
		F4DA9B9E272B986E0099CCB1 /* Build configuration list for PBXNativeTarget "SM2Y (macOS)" */ = {
			isa = XCConfigurationList;
			buildConfigurations = (
				F4DA9B9F272B986E0099CCB1 /* Debug */,
				F4DA9BA0272B986E0099CCB1 /* Release */,
			);
			defaultConfigurationIsVisible = 0;
			defaultConfigurationName = Release;
		};
/* End XCConfigurationList section */
	};
	rootObject = F4DA9B7E272B986C0099CCB1 /* Project object */;
}
